// !$*UTF8*$!
{
	archiveVersion = 1;
	classes = {
	};
	objectVersion = 56;
	objects = {

/* Begin PBXBuildFile section */
		5C15DCB92A4B049B00D2B1BB /* Comic.swift in Sources */ = {isa = PBXBuildFile; fileRef = 5C15DCB82A4B049B00D2B1BB /* Comic.swift */; };
		5C15DCBB2A4B04B200D2B1BB /* DataResponse.swift in Sources */ = {isa = PBXBuildFile; fileRef = 5C15DCBA2A4B04B200D2B1BB /* DataResponse.swift */; };
		5C15DCBD2A4B050F00D2B1BB /* Thumbnail.swift in Sources */ = {isa = PBXBuildFile; fileRef = 5C15DCBC2A4B050F00D2B1BB /* Thumbnail.swift */; };
		5C15DCBF2A4B051E00D2B1BB /* Creator.swift in Sources */ = {isa = PBXBuildFile; fileRef = 5C15DCBE2A4B051E00D2B1BB /* Creator.swift */; };
		5C15DCC12A4B052B00D2B1BB /* UrlResponse.swift in Sources */ = {isa = PBXBuildFile; fileRef = 5C15DCC02A4B052B00D2B1BB /* UrlResponse.swift */; };
		5C15DCC52A4B061500D2B1BB /* Keys.plist in Resources */ = {isa = PBXBuildFile; fileRef = 5C15DCC42A4B061500D2B1BB /* Keys.plist */; };
		5C15DCC82A4B066C00D2B1BB /* APIKeyable.swift in Sources */ = {isa = PBXBuildFile; fileRef = 5C15DCC72A4B066C00D2B1BB /* APIKeyable.swift */; };
		5C15DCCB2A4B073300D2B1BB /* NetworkService.swift in Sources */ = {isa = PBXBuildFile; fileRef = 5C15DCCA2A4B073300D2B1BB /* NetworkService.swift */; };
		5C15DCCE2A4B077900D2B1BB /* ComicsRepository.swift in Sources */ = {isa = PBXBuildFile; fileRef = 5C15DCCD2A4B077900D2B1BB /* ComicsRepository.swift */; };
		5C15DCD22A4B090500D2B1BB /* ComicListViewModel.swift in Sources */ = {isa = PBXBuildFile; fileRef = 5C15DCD12A4B090500D2B1BB /* ComicListViewModel.swift */; };
		5C15DCD72A4B099600D2B1BB /* Localizable.strings in Resources */ = {isa = PBXBuildFile; fileRef = 5C15DCD92A4B099600D2B1BB /* Localizable.strings */; };
		5C15DCDC2A4B09C000D2B1BB /* String+Ext.swift in Sources */ = {isa = PBXBuildFile; fileRef = 5C15DCDB2A4B09C000D2B1BB /* String+Ext.swift */; };
		5C15DCDF2A4B148C00D2B1BB /* ComicsListViewController.swift in Sources */ = {isa = PBXBuildFile; fileRef = 5C15DCDE2A4B148C00D2B1BB /* ComicsListViewController.swift */; };
		5C15DCE32A4C134600D2B1BB /* ComicsCell.swift in Sources */ = {isa = PBXBuildFile; fileRef = 5C15DCE22A4C134600D2B1BB /* ComicsCell.swift */; };
		5C15DCE72A4C19F600D2B1BB /* MainViewController.swift in Sources */ = {isa = PBXBuildFile; fileRef = 5C15DCE62A4C19F600D2B1BB /* MainViewController.swift */; };
		5C15DCEC2A4C449600D2B1BB /* Kingfisher in Frameworks */ = {isa = PBXBuildFile; productRef = 5C15DCEB2A4C449600D2B1BB /* Kingfisher */; };
		5C866EA12A4AF81F00F3305C /* AppDelegate.swift in Sources */ = {isa = PBXBuildFile; fileRef = 5C866EA02A4AF81F00F3305C /* AppDelegate.swift */; };
		5C866EAA2A4AF82200F3305C /* Assets.xcassets in Resources */ = {isa = PBXBuildFile; fileRef = 5C866EA92A4AF82200F3305C /* Assets.xcassets */; };
		5C866EAD2A4AF82200F3305C /* LaunchScreen.storyboard in Resources */ = {isa = PBXBuildFile; fileRef = 5C866EAB2A4AF82200F3305C /* LaunchScreen.storyboard */; };
/* End PBXBuildFile section */

/* Begin PBXFileReference section */
		5C15DCB82A4B049B00D2B1BB /* Comic.swift */ = {isa = PBXFileReference; lastKnownFileType = sourcecode.swift; path = Comic.swift; sourceTree = "<group>"; };
		5C15DCBA2A4B04B200D2B1BB /* DataResponse.swift */ = {isa = PBXFileReference; lastKnownFileType = sourcecode.swift; path = DataResponse.swift; sourceTree = "<group>"; };
		5C15DCBC2A4B050F00D2B1BB /* Thumbnail.swift */ = {isa = PBXFileReference; lastKnownFileType = sourcecode.swift; path = Thumbnail.swift; sourceTree = "<group>"; };
		5C15DCBE2A4B051E00D2B1BB /* Creator.swift */ = {isa = PBXFileReference; lastKnownFileType = sourcecode.swift; path = Creator.swift; sourceTree = "<group>"; };
		5C15DCC02A4B052B00D2B1BB /* UrlResponse.swift */ = {isa = PBXFileReference; lastKnownFileType = sourcecode.swift; path = UrlResponse.swift; sourceTree = "<group>"; };
		5C15DCC42A4B061500D2B1BB /* Keys.plist */ = {isa = PBXFileReference; lastKnownFileType = text.plist.xml; path = Keys.plist; sourceTree = "<group>"; };
		5C15DCC72A4B066C00D2B1BB /* APIKeyable.swift */ = {isa = PBXFileReference; lastKnownFileType = sourcecode.swift; path = APIKeyable.swift; sourceTree = "<group>"; };
		5C15DCCA2A4B073300D2B1BB /* NetworkService.swift */ = {isa = PBXFileReference; lastKnownFileType = sourcecode.swift; path = NetworkService.swift; sourceTree = "<group>"; };
		5C15DCCD2A4B077900D2B1BB /* ComicsRepository.swift */ = {isa = PBXFileReference; lastKnownFileType = sourcecode.swift; path = ComicsRepository.swift; sourceTree = "<group>"; };
		5C15DCD12A4B090500D2B1BB /* ComicListViewModel.swift */ = {isa = PBXFileReference; lastKnownFileType = sourcecode.swift; path = ComicListViewModel.swift; sourceTree = "<group>"; };
		5C15DCD82A4B099600D2B1BB /* en */ = {isa = PBXFileReference; lastKnownFileType = text.plist.strings; name = en; path = en.lproj/Localizable.strings; sourceTree = "<group>"; };
		5C15DCDB2A4B09C000D2B1BB /* String+Ext.swift */ = {isa = PBXFileReference; lastKnownFileType = sourcecode.swift; path = "String+Ext.swift"; sourceTree = "<group>"; };
		5C15DCDE2A4B148C00D2B1BB /* ComicsListViewController.swift */ = {isa = PBXFileReference; lastKnownFileType = sourcecode.swift; path = ComicsListViewController.swift; sourceTree = "<group>"; };
		5C15DCE22A4C134600D2B1BB /* ComicsCell.swift */ = {isa = PBXFileReference; lastKnownFileType = sourcecode.swift; path = ComicsCell.swift; sourceTree = "<group>"; };
		5C15DCE62A4C19F600D2B1BB /* MainViewController.swift */ = {isa = PBXFileReference; lastKnownFileType = sourcecode.swift; path = MainViewController.swift; sourceTree = "<group>"; };
		5C15DCED2A4D784B00D2B1BB /* pl */ = {isa = PBXFileReference; lastKnownFileType = text.plist.strings; name = pl; path = pl.lproj/Localizable.strings; sourceTree = "<group>"; };
		5C866E9D2A4AF81F00F3305C /* MarvelAppUIKit.app */ = {isa = PBXFileReference; explicitFileType = wrapper.application; includeInIndex = 0; path = MarvelAppUIKit.app; sourceTree = BUILT_PRODUCTS_DIR; };
		5C866EA02A4AF81F00F3305C /* AppDelegate.swift */ = {isa = PBXFileReference; lastKnownFileType = sourcecode.swift; path = AppDelegate.swift; sourceTree = "<group>"; };
		5C866EA92A4AF82200F3305C /* Assets.xcassets */ = {isa = PBXFileReference; lastKnownFileType = folder.assetcatalog; path = Assets.xcassets; sourceTree = "<group>"; };
		5C866EAC2A4AF82200F3305C /* Base */ = {isa = PBXFileReference; lastKnownFileType = file.storyboard; name = Base; path = Base.lproj/LaunchScreen.storyboard; sourceTree = "<group>"; };
		5C866EAE2A4AF82200F3305C /* Info.plist */ = {isa = PBXFileReference; lastKnownFileType = text.plist.xml; path = Info.plist; sourceTree = "<group>"; };
/* End PBXFileReference section */

/* Begin PBXFrameworksBuildPhase section */
		5C866E9A2A4AF81F00F3305C /* Frameworks */ = {
			isa = PBXFrameworksBuildPhase;
			buildActionMask = 2147483647;
			files = (
				5C15DCEC2A4C449600D2B1BB /* Kingfisher in Frameworks */,
			);
			runOnlyForDeploymentPostprocessing = 0;
		};
/* End PBXFrameworksBuildPhase section */

/* Begin PBXGroup section */
		5C15DCB72A4B048100D2B1BB /* Models */ = {
			isa = PBXGroup;
			children = (
				5C15DCB82A4B049B00D2B1BB /* Comic.swift */,
				5C15DCBA2A4B04B200D2B1BB /* DataResponse.swift */,
				5C15DCBC2A4B050F00D2B1BB /* Thumbnail.swift */,
				5C15DCBE2A4B051E00D2B1BB /* Creator.swift */,
				5C15DCC02A4B052B00D2B1BB /* UrlResponse.swift */,
			);
			path = Models;
			sourceTree = "<group>";
		};
		5C15DCC32A4B060000D2B1BB /* Keys */ = {
			isa = PBXGroup;
			children = (
				5C15DCC42A4B061500D2B1BB /* Keys.plist */,
			);
			path = Keys;
			sourceTree = "<group>";
		};
		5C15DCC62A4B065600D2B1BB /* Utils */ = {
			isa = PBXGroup;
			children = (
				5C15DCC72A4B066C00D2B1BB /* APIKeyable.swift */,
			);
			path = Utils;
			sourceTree = "<group>";
		};
		5C15DCC92A4B072700D2B1BB /* Services */ = {
			isa = PBXGroup;
			children = (
				5C15DCCA2A4B073300D2B1BB /* NetworkService.swift */,
			);
			path = Services;
			sourceTree = "<group>";
		};
		5C15DCCC2A4B076B00D2B1BB /* Repositories */ = {
			isa = PBXGroup;
			children = (
				5C15DCCD2A4B077900D2B1BB /* ComicsRepository.swift */,
			);
			path = Repositories;
			sourceTree = "<group>";
		};
		5C15DCCF2A4B08B200D2B1BB /* ViewModels */ = {
			isa = PBXGroup;
			children = (
				5C15DCD12A4B090500D2B1BB /* ComicListViewModel.swift */,
			);
			path = ViewModels;
			sourceTree = "<group>";
		};
		5C15DCD02A4B08BD00D2B1BB /* Views */ = {
			isa = PBXGroup;
			children = (
				5C15DCDD2A4B13B800D2B1BB /* ComicsListView */,
			);
			path = Views;
			sourceTree = "<group>";
		};
		5C15DCD42A4B096700D2B1BB /* Localizables */ = {
			isa = PBXGroup;
			children = (
				5C15DCD92A4B099600D2B1BB /* Localizable.strings */,
			);
			path = Localizables;
			sourceTree = "<group>";
		};
		5C15DCDA2A4B09B700D2B1BB /* Extensions */ = {
			isa = PBXGroup;
			children = (
				5C15DCDB2A4B09C000D2B1BB /* String+Ext.swift */,
			);
			path = Extensions;
			sourceTree = "<group>";
		};
		5C15DCDD2A4B13B800D2B1BB /* ComicsListView */ = {
			isa = PBXGroup;
			children = (
				5C15DCDE2A4B148C00D2B1BB /* ComicsListViewController.swift */,
				5C15DCE22A4C134600D2B1BB /* ComicsCell.swift */,
			);
			path = ComicsListView;
			sourceTree = "<group>";
		};
		5C866E942A4AF81F00F3305C = {
			isa = PBXGroup;
			children = (
				5C866E9F2A4AF81F00F3305C /* MarvelAppUIKit */,
				5C866E9E2A4AF81F00F3305C /* Products */,
			);
			sourceTree = "<group>";
		};
		5C866E9E2A4AF81F00F3305C /* Products */ = {
			isa = PBXGroup;
			children = (
				5C866E9D2A4AF81F00F3305C /* MarvelAppUIKit.app */,
			);
			name = Products;
			sourceTree = "<group>";
		};
		5C866E9F2A4AF81F00F3305C /* MarvelAppUIKit */ = {
			isa = PBXGroup;
			children = (
				5C15DCDA2A4B09B700D2B1BB /* Extensions */,
				5C15DCD42A4B096700D2B1BB /* Localizables */,
				5C15DCD02A4B08BD00D2B1BB /* Views */,
				5C15DCCF2A4B08B200D2B1BB /* ViewModels */,
				5C15DCCC2A4B076B00D2B1BB /* Repositories */,
				5C15DCC92A4B072700D2B1BB /* Services */,
				5C15DCC62A4B065600D2B1BB /* Utils */,
				5C15DCC32A4B060000D2B1BB /* Keys */,
				5C15DCB72A4B048100D2B1BB /* Models */,
				5C866EA02A4AF81F00F3305C /* AppDelegate.swift */,
				5C866EA92A4AF82200F3305C /* Assets.xcassets */,
				5C866EAB2A4AF82200F3305C /* LaunchScreen.storyboard */,
				5C866EAE2A4AF82200F3305C /* Info.plist */,
				5C15DCE62A4C19F600D2B1BB /* MainViewController.swift */,
			);
			path = MarvelAppUIKit;
			sourceTree = "<group>";
		};
/* End PBXGroup section */

/* Begin PBXNativeTarget section */
		5C866E9C2A4AF81F00F3305C /* MarvelAppUIKit */ = {
			isa = PBXNativeTarget;
			buildConfigurationList = 5C866EB12A4AF82200F3305C /* Build configuration list for PBXNativeTarget "MarvelAppUIKit" */;
			buildPhases = (
				5C866E992A4AF81F00F3305C /* Sources */,
				5C866E9A2A4AF81F00F3305C /* Frameworks */,
				5C866E9B2A4AF81F00F3305C /* Resources */,
			);
			buildRules = (
			);
			dependencies = (
			);
			name = MarvelAppUIKit;
			packageProductDependencies = (
				5C15DCEB2A4C449600D2B1BB /* Kingfisher */,
			);
			productName = MarvelAppUIKit;
			productReference = 5C866E9D2A4AF81F00F3305C /* MarvelAppUIKit.app */;
			productType = "com.apple.product-type.application";
		};
/* End PBXNativeTarget section */

/* Begin PBXProject section */
		5C866E952A4AF81F00F3305C /* Project object */ = {
			isa = PBXProject;
			attributes = {
				BuildIndependentTargetsInParallel = 1;
				LastSwiftUpdateCheck = 1430;
				LastUpgradeCheck = 1430;
				TargetAttributes = {
					5C866E9C2A4AF81F00F3305C = {
						CreatedOnToolsVersion = 14.3.1;
					};
				};
			};
			buildConfigurationList = 5C866E982A4AF81F00F3305C /* Build configuration list for PBXProject "MarvelAppUIKit" */;
			compatibilityVersion = "Xcode 14.0";
			developmentRegion = en;
			hasScannedForEncodings = 0;
			knownRegions = (
				en,
				Base,
				pl,
			);
			mainGroup = 5C866E942A4AF81F00F3305C;
			packageReferences = (
				5C15DCEA2A4C449600D2B1BB /* XCRemoteSwiftPackageReference "Kingfisher" */,
			);
			productRefGroup = 5C866E9E2A4AF81F00F3305C /* Products */;
			projectDirPath = "";
			projectRoot = "";
			targets = (
				5C866E9C2A4AF81F00F3305C /* MarvelAppUIKit */,
			);
		};
/* End PBXProject section */

/* Begin PBXResourcesBuildPhase section */
		5C866E9B2A4AF81F00F3305C /* Resources */ = {
			isa = PBXResourcesBuildPhase;
			buildActionMask = 2147483647;
			files = (
				5C15DCC52A4B061500D2B1BB /* Keys.plist in Resources */,
				5C15DCD72A4B099600D2B1BB /* Localizable.strings in Resources */,
				5C866EAD2A4AF82200F3305C /* LaunchScreen.storyboard in Resources */,
				5C866EAA2A4AF82200F3305C /* Assets.xcassets in Resources */,
			);
			runOnlyForDeploymentPostprocessing = 0;
		};
/* End PBXResourcesBuildPhase section */

/* Begin PBXSourcesBuildPhase section */
		5C866E992A4AF81F00F3305C /* Sources */ = {
			isa = PBXSourcesBuildPhase;
			buildActionMask = 2147483647;
			files = (
				5C15DCDF2A4B148C00D2B1BB /* ComicsListViewController.swift in Sources */,
				5C15DCCB2A4B073300D2B1BB /* NetworkService.swift in Sources */,
				5C15DCB92A4B049B00D2B1BB /* Comic.swift in Sources */,
				5C15DCDC2A4B09C000D2B1BB /* String+Ext.swift in Sources */,
				5C15DCBD2A4B050F00D2B1BB /* Thumbnail.swift in Sources */,
				5C15DCC82A4B066C00D2B1BB /* APIKeyable.swift in Sources */,
				5C15DCE32A4C134600D2B1BB /* ComicsCell.swift in Sources */,
				5C15DCCE2A4B077900D2B1BB /* ComicsRepository.swift in Sources */,
				5C15DCBB2A4B04B200D2B1BB /* DataResponse.swift in Sources */,
				5C15DCBF2A4B051E00D2B1BB /* Creator.swift in Sources */,
				5C15DCC12A4B052B00D2B1BB /* UrlResponse.swift in Sources */,
				5C15DCE72A4C19F600D2B1BB /* MainViewController.swift in Sources */,
				5C15DCD22A4B090500D2B1BB /* ComicListViewModel.swift in Sources */,
				5C866EA12A4AF81F00F3305C /* AppDelegate.swift in Sources */,
			);
			runOnlyForDeploymentPostprocessing = 0;
		};
/* End PBXSourcesBuildPhase section */

/* Begin PBXVariantGroup section */
		5C15DCD92A4B099600D2B1BB /* Localizable.strings */ = {
			isa = PBXVariantGroup;
			children = (
				5C15DCD82A4B099600D2B1BB /* en */,
				5C15DCED2A4D784B00D2B1BB /* pl */,
			);
			name = Localizable.strings;
			sourceTree = "<group>";
		};
		5C866EAB2A4AF82200F3305C /* LaunchScreen.storyboard */ = {
			isa = PBXVariantGroup;
			children = (
				5C866EAC2A4AF82200F3305C /* Base */,
			);
			name = LaunchScreen.storyboard;
			sourceTree = "<group>";
		};
/* End PBXVariantGroup section */

/* Begin XCBuildConfiguration section */
		5C866EAF2A4AF82200F3305C /* Debug */ = {
			isa = XCBuildConfiguration;
			buildSettings = {
				ALWAYS_SEARCH_USER_PATHS = NO;
				CLANG_ANALYZER_LOCALIZABILITY_NONLOCALIZED = YES;
				CLANG_ANALYZER_NONNULL = YES;
				CLANG_ANALYZER_NUMBER_OBJECT_CONVERSION = YES_AGGRESSIVE;
				CLANG_CXX_LANGUAGE_STANDARD = "gnu++20";
				CLANG_ENABLE_MODULES = YES;
				CLANG_ENABLE_OBJC_ARC = YES;
				CLANG_ENABLE_OBJC_WEAK = YES;
				CLANG_WARN_BLOCK_CAPTURE_AUTORELEASING = YES;
				CLANG_WARN_BOOL_CONVERSION = YES;
				CLANG_WARN_COMMA = YES;
				CLANG_WARN_CONSTANT_CONVERSION = YES;
				CLANG_WARN_DEPRECATED_OBJC_IMPLEMENTATIONS = YES;
				CLANG_WARN_DIRECT_OBJC_ISA_USAGE = YES_ERROR;
				CLANG_WARN_DOCUMENTATION_COMMENTS = YES;
				CLANG_WARN_EMPTY_BODY = YES;
				CLANG_WARN_ENUM_CONVERSION = YES;
				CLANG_WARN_INFINITE_RECURSION = YES;
				CLANG_WARN_INT_CONVERSION = YES;
				CLANG_WARN_NON_LITERAL_NULL_CONVERSION = YES;
				CLANG_WARN_OBJC_IMPLICIT_RETAIN_SELF = YES;
				CLANG_WARN_OBJC_LITERAL_CONVERSION = YES;
				CLANG_WARN_OBJC_ROOT_CLASS = YES_ERROR;
				CLANG_WARN_QUOTED_INCLUDE_IN_FRAMEWORK_HEADER = YES;
				CLANG_WARN_RANGE_LOOP_ANALYSIS = YES;
				CLANG_WARN_STRICT_PROTOTYPES = YES;
				CLANG_WARN_SUSPICIOUS_MOVE = YES;
				CLANG_WARN_UNGUARDED_AVAILABILITY = YES_AGGRESSIVE;
				CLANG_WARN_UNREACHABLE_CODE = YES;
				CLANG_WARN__DUPLICATE_METHOD_MATCH = YES;
				COPY_PHASE_STRIP = NO;
				DEBUG_INFORMATION_FORMAT = dwarf;
				ENABLE_STRICT_OBJC_MSGSEND = YES;
				ENABLE_TESTABILITY = YES;
				GCC_C_LANGUAGE_STANDARD = gnu11;
				GCC_DYNAMIC_NO_PIC = NO;
				GCC_NO_COMMON_BLOCKS = YES;
				GCC_OPTIMIZATION_LEVEL = 0;
				GCC_PREPROCESSOR_DEFINITIONS = (
					"DEBUG=1",
					"$(inherited)",
				);
				GCC_WARN_64_TO_32_BIT_CONVERSION = YES;
				GCC_WARN_ABOUT_RETURN_TYPE = YES_ERROR;
				GCC_WARN_UNDECLARED_SELECTOR = YES;
				GCC_WARN_UNINITIALIZED_AUTOS = YES_AGGRESSIVE;
				GCC_WARN_UNUSED_FUNCTION = YES;
				GCC_WARN_UNUSED_VARIABLE = YES;
				IPHONEOS_DEPLOYMENT_TARGET = 16.4;
				MTL_ENABLE_DEBUG_INFO = INCLUDE_SOURCE;
				MTL_FAST_MATH = YES;
				ONLY_ACTIVE_ARCH = YES;
				SDKROOT = iphoneos;
				SWIFT_ACTIVE_COMPILATION_CONDITIONS = DEBUG;
				SWIFT_OPTIMIZATION_LEVEL = "-Onone";
			};
			name = Debug;
		};
		5C866EB02A4AF82200F3305C /* Release */ = {
			isa = XCBuildConfiguration;
			buildSettings = {
				ALWAYS_SEARCH_USER_PATHS = NO;
				CLANG_ANALYZER_LOCALIZABILITY_NONLOCALIZED = YES;
				CLANG_ANALYZER_NONNULL = YES;
				CLANG_ANALYZER_NUMBER_OBJECT_CONVERSION = YES_AGGRESSIVE;
				CLANG_CXX_LANGUAGE_STANDARD = "gnu++20";
				CLANG_ENABLE_MODULES = YES;
				CLANG_ENABLE_OBJC_ARC = YES;
				CLANG_ENABLE_OBJC_WEAK = YES;
				CLANG_WARN_BLOCK_CAPTURE_AUTORELEASING = YES;
				CLANG_WARN_BOOL_CONVERSION = YES;
				CLANG_WARN_COMMA = YES;
				CLANG_WARN_CONSTANT_CONVERSION = YES;
				CLANG_WARN_DEPRECATED_OBJC_IMPLEMENTATIONS = YES;
				CLANG_WARN_DIRECT_OBJC_ISA_USAGE = YES_ERROR;
				CLANG_WARN_DOCUMENTATION_COMMENTS = YES;
				CLANG_WARN_EMPTY_BODY = YES;
				CLANG_WARN_ENUM_CONVERSION = YES;
				CLANG_WARN_INFINITE_RECURSION = YES;
				CLANG_WARN_INT_CONVERSION = YES;
				CLANG_WARN_NON_LITERAL_NULL_CONVERSION = YES;
				CLANG_WARN_OBJC_IMPLICIT_RETAIN_SELF = YES;
				CLANG_WARN_OBJC_LITERAL_CONVERSION = YES;
				CLANG_WARN_OBJC_ROOT_CLASS = YES_ERROR;
				CLANG_WARN_QUOTED_INCLUDE_IN_FRAMEWORK_HEADER = YES;
				CLANG_WARN_RANGE_LOOP_ANALYSIS = YES;
				CLANG_WARN_STRICT_PROTOTYPES = YES;
				CLANG_WARN_SUSPICIOUS_MOVE = YES;
				CLANG_WARN_UNGUARDED_AVAILABILITY = YES_AGGRESSIVE;
				CLANG_WARN_UNREACHABLE_CODE = YES;
				CLANG_WARN__DUPLICATE_METHOD_MATCH = YES;
				COPY_PHASE_STRIP = NO;
				DEBUG_INFORMATION_FORMAT = "dwarf-with-dsym";
				ENABLE_NS_ASSERTIONS = NO;
				ENABLE_STRICT_OBJC_MSGSEND = YES;
				GCC_C_LANGUAGE_STANDARD = gnu11;
				GCC_NO_COMMON_BLOCKS = YES;
				GCC_WARN_64_TO_32_BIT_CONVERSION = YES;
				GCC_WARN_ABOUT_RETURN_TYPE = YES_ERROR;
				GCC_WARN_UNDECLARED_SELECTOR = YES;
				GCC_WARN_UNINITIALIZED_AUTOS = YES_AGGRESSIVE;
				GCC_WARN_UNUSED_FUNCTION = YES;
				GCC_WARN_UNUSED_VARIABLE = YES;
				IPHONEOS_DEPLOYMENT_TARGET = 16.4;
				MTL_ENABLE_DEBUG_INFO = NO;
				MTL_FAST_MATH = YES;
				SDKROOT = iphoneos;
				SWIFT_COMPILATION_MODE = wholemodule;
				SWIFT_OPTIMIZATION_LEVEL = "-O";
				VALIDATE_PRODUCT = YES;
			};
			name = Release;
		};
		5C866EB22A4AF82200F3305C /* Debug */ = {
			isa = XCBuildConfiguration;
			buildSettings = {
				ASSETCATALOG_COMPILER_APPICON_NAME = AppIcon;
				ASSETCATALOG_COMPILER_GLOBAL_ACCENT_COLOR_NAME = AccentColor;
				CODE_SIGN_STYLE = Automatic;
				CURRENT_PROJECT_VERSION = 1;
				DEVELOPMENT_TEAM = S4SZ3UBTAC;
				GENERATE_INFOPLIST_FILE = YES;
				INFOPLIST_FILE = MarvelAppUIKit/Info.plist;
				INFOPLIST_KEY_UIApplicationSupportsIndirectInputEvents = YES;
				INFOPLIST_KEY_UILaunchStoryboardName = LaunchScreen;
				INFOPLIST_KEY_UISupportedInterfaceOrientations = UIInterfaceOrientationPortrait;
				IPHONEOS_DEPLOYMENT_TARGET = 16.1;
				LD_RUNPATH_SEARCH_PATHS = (
					"$(inherited)",
					"@executable_path/Frameworks",
				);
				MARKETING_VERSION = 1.0;
				PRODUCT_BUNDLE_IDENTIFIER = wojtkowiak.bartosz.MarvelAppUIKit;
				PRODUCT_NAME = "$(TARGET_NAME)";
				SWIFT_EMIT_LOC_STRINGS = YES;
				SWIFT_VERSION = 5.0;
				TARGETED_DEVICE_FAMILY = "1,2";
			};
			name = Debug;
		};
		5C866EB32A4AF82200F3305C /* Release */ = {
			isa = XCBuildConfiguration;
			buildSettings = {
				ASSETCATALOG_COMPILER_APPICON_NAME = AppIcon;
				ASSETCATALOG_COMPILER_GLOBAL_ACCENT_COLOR_NAME = AccentColor;
				CODE_SIGN_STYLE = Automatic;
				CURRENT_PROJECT_VERSION = 1;
				DEVELOPMENT_TEAM = S4SZ3UBTAC;
				GENERATE_INFOPLIST_FILE = YES;
				INFOPLIST_FILE = MarvelAppUIKit/Info.plist;
				INFOPLIST_KEY_UIApplicationSupportsIndirectInputEvents = YES;
				INFOPLIST_KEY_UILaunchStoryboardName = LaunchScreen;
				INFOPLIST_KEY_UISupportedInterfaceOrientations = UIInterfaceOrientationPortrait;
				IPHONEOS_DEPLOYMENT_TARGET = 16.1;
				LD_RUNPATH_SEARCH_PATHS = (
					"$(inherited)",
					"@executable_path/Frameworks",
				);
				MARKETING_VERSION = 1.0;
				PRODUCT_BUNDLE_IDENTIFIER = wojtkowiak.bartosz.MarvelAppUIKit;
				PRODUCT_NAME = "$(TARGET_NAME)";
				SWIFT_EMIT_LOC_STRINGS = YES;
				SWIFT_VERSION = 5.0;
				TARGETED_DEVICE_FAMILY = "1,2";
			};
			name = Release;
		};
/* End XCBuildConfiguration section */

/* Begin XCConfigurationList section */
		5C866E982A4AF81F00F3305C /* Build configuration list for PBXProject "MarvelAppUIKit" */ = {
			isa = XCConfigurationList;
			buildConfigurations = (
				5C866EAF2A4AF82200F3305C /* Debug */,
				5C866EB02A4AF82200F3305C /* Release */,
			);
			defaultConfigurationIsVisible = 0;
			defaultConfigurationName = Release;
		};
		5C866EB12A4AF82200F3305C /* Build configuration list for PBXNativeTarget "MarvelAppUIKit" */ = {
			isa = XCConfigurationList;
			buildConfigurations = (
				5C866EB22A4AF82200F3305C /* Debug */,
				5C866EB32A4AF82200F3305C /* Release */,
			);
			defaultConfigurationIsVisible = 0;
			defaultConfigurationName = Release;
		};
/* End XCConfigurationList section */

/* Begin XCRemoteSwiftPackageReference section */
		5C15DCEA2A4C449600D2B1BB /* XCRemoteSwiftPackageReference "Kingfisher" */ = {
			isa = XCRemoteSwiftPackageReference;
			repositoryURL = "https://github.com/onevcat/Kingfisher.git";
			requirement = {
				kind = upToNextMajorVersion;
				minimumVersion = 7.0.0;
			};
		};
/* End XCRemoteSwiftPackageReference section */

/* Begin XCSwiftPackageProductDependency section */
		5C15DCEB2A4C449600D2B1BB /* Kingfisher */ = {
			isa = XCSwiftPackageProductDependency;
			package = 5C15DCEA2A4C449600D2B1BB /* XCRemoteSwiftPackageReference "Kingfisher" */;
			productName = Kingfisher;
		};
/* End XCSwiftPackageProductDependency section */
	};
	rootObject = 5C866E952A4AF81F00F3305C /* Project object */;
}
